
Microsoft Visual Studio Solution File, Format Version 12.00
# Visual Studio Version 17
VisualStudioVersion = 17.11.35222.181
MinimumVisualStudioVersion = 10.0.40219.1
Project("{FAE04EC0-301F-11D3-BF4B-00C04F79EFBC}") = "Example 1", "Example 1\Example 1.csproj", "{4D269E9D-FC30-4F63-B663-E16AE44E519E}"
EndProject
Project("{FAE04EC0-301F-11D3-BF4B-00C04F79EFBC}") = "Example 2", "Example 2\Example 2.csproj", "{F9871E8E-4A8E-40CF-B305-E3BCD644D1CE}"
EndProject
Project("{FAE04EC0-301F-11D3-BF4B-00C04F79EFBC}") = "Example 3", "Example 3\Example 3.csproj", "{D2CE2346-D0FE-4B3B-BD69-562647E42809}"
EndProject
Project("{FAE04EC0-301F-11D3-BF4B-00C04F79EFBC}") = "Example 4", "Example 4\Example 4.csproj", "{0D39255C-93FC-4F32-B6F7-43594A7EF154}"
EndProject
Project("{FAE04EC0-301F-11D3-BF4B-00C04F79EFBC}") = "Example 5", "Example 5\Example 5.csproj", "{B54BC19D-ADB6-4A96-A5B2-4759146C1AFA}"
EndProject
Project("{FAE04EC0-301F-11D3-BF4B-00C04F79EFBC}") = "Example 6", "Example 6\Example 6.csproj", "{1105B95B-13E4-4689-A1A7-8A66582FA94A}"
EndProject
Global
	GlobalSection(SolutionConfigurationPlatforms) = preSolution
		Debug|Any CPU = Debug|Any CPU
		Release|Any CPU = Release|Any CPU
	EndGlobalSection
	GlobalSection(ProjectConfigurationPlatforms) = postSolution
		{4D269E9D-FC30-4F63-B663-E16AE44E519E}.Debug|Any CPU.ActiveCfg = Debug|Any CPU
		{4D269E9D-FC30-4F63-B663-E16AE44E519E}.Debug|Any CPU.Build.0 = Debug|Any CPU
		{4D269E9D-FC30-4F63-B663-E16AE44E519E}.Release|Any CPU.ActiveCfg = Release|Any CPU
		{4D269E9D-FC30-4F63-B663-E16AE44E519E}.Release|Any CPU.Build.0 = Release|Any CPU
		{F9871E8E-4A8E-40CF-B305-E3BCD644D1CE}.Debug|Any CPU.ActiveCfg = Debug|Any CPU
		{F9871E8E-4A8E-40CF-B305-E3BCD644D1CE}.Debug|Any CPU.Build.0 = Debug|Any CPU
		{F9871E8E-4A8E-40CF-B305-E3BCD644D1CE}.Release|Any CPU.ActiveCfg = Release|Any CPU
		{F9871E8E-4A8E-40CF-B305-E3BCD644D1CE}.Release|Any CPU.Build.0 = Release|Any CPU
		{D2CE2346-D0FE-4B3B-BD69-562647E42809}.Debug|Any CPU.ActiveCfg = Debug|Any CPU
		{D2CE2346-D0FE-4B3B-BD69-562647E42809}.Debug|Any CPU.Build.0 = Debug|Any CPU
		{D2CE2346-D0FE-4B3B-BD69-562647E42809}.Release|Any CPU.ActiveCfg = Release|Any CPU
		{D2CE2346-D0FE-4B3B-BD69-562647E42809}.Release|Any CPU.Build.0 = Release|Any CPU
		{0D39255C-93FC-4F32-B6F7-43594A7EF154}.Debug|Any CPU.ActiveCfg = Debug|Any CPU
		{0D39255C-93FC-4F32-B6F7-43594A7EF154}.Debug|Any CPU.Build.0 = Debug|Any CPU
		{0D39255C-93FC-4F32-B6F7-43594A7EF154}.Release|Any CPU.ActiveCfg = Release|Any CPU
		{0D39255C-93FC-4F32-B6F7-43594A7EF154}.Release|Any CPU.Build.0 = Release|Any CPU
		{B54BC19D-ADB6-4A96-A5B2-4759146C1AFA}.Debug|Any CPU.ActiveCfg = Debug|Any CPU
		{B54BC19D-ADB6-4A96-A5B2-4759146C1AFA}.Debug|Any CPU.Build.0 = Debug|Any CPU
		{B54BC19D-ADB6-4A96-A5B2-4759146C1AFA}.Release|Any CPU.ActiveCfg = Release|Any CPU
		{B54BC19D-ADB6-4A96-A5B2-4759146C1AFA}.Release|Any CPU.Build.0 = Release|Any CPU
		{1105B95B-13E4-4689-A1A7-8A66582FA94A}.Debug|Any CPU.ActiveCfg = Debug|Any CPU
		{1105B95B-13E4-4689-A1A7-8A66582FA94A}.Debug|Any CPU.Build.0 = Debug|Any CPU
		{1105B95B-13E4-4689-A1A7-8A66582FA94A}.Release|Any CPU.ActiveCfg = Release|Any CPU
		{1105B95B-13E4-4689-A1A7-8A66582FA94A}.Release|Any CPU.Build.0 = Release|Any CPU
	EndGlobalSection
	GlobalSection(SolutionProperties) = preSolution
		HideSolutionNode = FALSE
	EndGlobalSection
	GlobalSection(ExtensibilityGlobals) = postSolution
		SolutionGuid = {CF740C1E-325C-443A-8861-D85591824CDE}
	EndGlobalSection
EndGlobal
