
Microsoft Visual Studio Solution File, Format Version 12.00
# Visual Studio Version 17
VisualStudioVersion = 17.11.35222.181
MinimumVisualStudioVersion = 10.0.40219.1
Project("{FAE04EC0-301F-11D3-BF4B-00C04F79EFBC}") = "Example 1", "Example 1\Example 1.csproj", "{BF11BFD7-4C0E-44AC-BCDC-F8C1D9733F6D}"
EndProject
Global
	GlobalSection(SolutionConfigurationPlatforms) = preSolution
		Debug|Any CPU = Debug|Any CPU
		Release|Any CPU = Release|Any CPU
	EndGlobalSection
	GlobalSection(ProjectConfigurationPlatforms) = postSolution
		{BF11BFD7-4C0E-44AC-BCDC-F8C1D9733F6D}.Debug|Any CPU.ActiveCfg = Debug|Any CPU
		{BF11BFD7-4C0E-44AC-BCDC-F8C1D9733F6D}.Debug|Any CPU.Build.0 = Debug|Any CPU
		{BF11BFD7-4C0E-44AC-BCDC-F8C1D9733F6D}.Release|Any CPU.ActiveCfg = Release|Any CPU
		{BF11BFD7-4C0E-44AC-BCDC-F8C1D9733F6D}.Release|Any CPU.Build.0 = Release|Any CPU
	EndGlobalSection
	GlobalSection(SolutionProperties) = preSolution
		HideSolutionNode = FALSE
	EndGlobalSection
	GlobalSection(ExtensibilityGlobals) = postSolution
		SolutionGuid = {D681C94D-1920-4BF2-AD7B-9C8FC1F9D4A0}
	EndGlobalSection
EndGlobal
